
Microsoft Visual Studio Solution File, Format Version 12.00
# Visual Studio 2012
Project("{FAE04EC0-301F-11D3-BF4B-00C04F79EFBC}") = "MyLucene.NET", "Lucene.NET\MyLucene.NET.csproj", "{4CDE169B-F0DD-4B91-8EB6-33489B052D3A}"
EndProject
Project("{FAE04EC0-301F-11D3-BF4B-00C04F79EFBC}") = "Lucene.NET.Testing", "Lucene.NET.Testing\Lucene.NET.Testing.csproj", "{39178B7E-902F-4885-856A-55F185FCBC43}"
EndProject
Global
	GlobalSection(SolutionConfigurationPlatforms) = preSolution
		Debug|Any CPU = Debug|Any CPU
		Release|Any CPU = Release|Any CPU
	EndGlobalSection
	GlobalSection(ProjectConfigurationPlatforms) = postSolution
		{4CDE169B-F0DD-4B91-8EB6-33489B052D3A}.Debug|Any CPU.ActiveCfg = Debug|Any CPU
		{4CDE169B-F0DD-4B91-8EB6-33489B052D3A}.Debug|Any CPU.Build.0 = Debug|Any CPU
		{4CDE169B-F0DD-4B91-8EB6-33489B052D3A}.Release|Any CPU.ActiveCfg = Release|Any CPU
		{4CDE169B-F0DD-4B91-8EB6-33489B052D3A}.Release|Any CPU.Build.0 = Release|Any CPU
		{39178B7E-902F-4885-856A-55F185FCBC43}.Debug|Any CPU.ActiveCfg = Debug|Any CPU
		{39178B7E-902F-4885-856A-55F185FCBC43}.Debug|Any CPU.Build.0 = Debug|Any CPU
		{39178B7E-902F-4885-856A-55F185FCBC43}.Release|Any CPU.ActiveCfg = Release|Any CPU
		{39178B7E-902F-4885-856A-55F185FCBC43}.Release|Any CPU.Build.0 = Release|Any CPU
	EndGlobalSection
	GlobalSection(SolutionProperties) = preSolution
		HideSolutionNode = FALSE
	EndGlobalSection
EndGlobal
